// !$*UTF8*$!
{
	archiveVersion = 1;
	classes = {
	};
	objectVersion = 50;
	objects = {

/* Begin PBXBuildFile section */
		3120B96C23441A800013F4D8 /* liblua.5.3.5.dylib in Frameworks */ = {isa = PBXBuildFile; fileRef = 3120B96B23441A800013F4D8 /* liblua.5.3.5.dylib */; };
		3120B96E23441A9F0013F4D8 /* libSDL2-2.0.0.dylib in Frameworks */ = {isa = PBXBuildFile; fileRef = 3120B96D23441A9F0013F4D8 /* libSDL2-2.0.0.dylib */; };
		3120B97023441AAE0013F4D8 /* libSDL2_image-2.0.0.dylib in Frameworks */ = {isa = PBXBuildFile; fileRef = 3120B96F23441AAE0013F4D8 /* libSDL2_image-2.0.0.dylib */; };
		3120B97223441ABD0013F4D8 /* libSDL2_mixer-2.0.0.dylib in Frameworks */ = {isa = PBXBuildFile; fileRef = 3120B97123441ABD0013F4D8 /* libSDL2_mixer-2.0.0.dylib */; };
		3120B97423441AD00013F4D8 /* libSDL2_ttf-2.0.0.dylib in Frameworks */ = {isa = PBXBuildFile; fileRef = 3120B97323441AD00013F4D8 /* libSDL2_ttf-2.0.0.dylib */; };
		3120B977234426BC0013F4D8 /* Entity.cpp in Sources */ = {isa = PBXBuildFile; fileRef = 3120B975234426BC0013F4D8 /* Entity.cpp */; };
		3120B97A234426ED0013F4D8 /* EntityManager.cpp in Sources */ = {isa = PBXBuildFile; fileRef = 3120B978234426ED0013F4D8 /* EntityManager.cpp */; };
		3151DA5C2342DEC60017F17E /* main.cpp in Sources */ = {isa = PBXBuildFile; fileRef = 3151DA5B2342DEC60017F17E /* main.cpp */; };
		3151DA632342E0680017F17E /* Makefile in Sources */ = {isa = PBXBuildFile; fileRef = 3151DA622342E0680017F17E /* Makefile */; };
		3151DA662342E7D10017F17E /* Game.cpp in Sources */ = {isa = PBXBuildFile; fileRef = 3151DA642342E7D10017F17E /* Game.cpp */; };
		31860A0A2345811C001A1CCA /* TextureManager.cpp in Sources */ = {isa = PBXBuildFile; fileRef = 31860A082345811C001A1CCA /* TextureManager.cpp */; };
		31E8D8F923492E410076D89E /* Animation.cpp in Sources */ = {isa = PBXBuildFile; fileRef = 31E8D8F723492E410076D89E /* Animation.cpp */; };
		31E8D8FD23495C640076D89E /* Map.cpp in Sources */ = {isa = PBXBuildFile; fileRef = 31E8D8FC23495C640076D89E /* Map.cpp */; };
		31FA91E32345880B003A7886 /* AssetManager.cpp in Sources */ = {isa = PBXBuildFile; fileRef = 31FA91E12345880B003A7886 /* AssetManager.cpp */; };
/* End PBXBuildFile section */

/* Begin PBXCopyFilesBuildPhase section */
		3151DA562342DEC60017F17E /* CopyFiles */ = {
			isa = PBXCopyFilesBuildPhase;
			buildActionMask = 2147483647;
			dstPath = /usr/share/man/man1/;
			dstSubfolderSpec = 0;
			files = (
			);
			runOnlyForDeploymentPostprocessing = 1;
		};
/* End PBXCopyFilesBuildPhase section */

/* Begin PBXFileReference section */
		3120B961234419D30013F4D8 /* 2.0.5 */ = {isa = PBXFileReference; lastKnownFileType = folder; name = 2.0.5; path = ../../../../usr/local/Cellar/sdl2_image/2.0.5; sourceTree = "<group>"; };
		3120B962234419D30013F4D8 /* 2.0.15 */ = {isa = PBXFileReference; lastKnownFileType = folder; name = 2.0.15; path = ../../../../usr/local/Cellar/sdl2_ttf/2.0.15; sourceTree = "<group>"; };
		3120B963234419D30013F4D8 /* 5.3.5_1 */ = {isa = PBXFileReference; lastKnownFileType = folder; name = 5.3.5_1; path = ../../../../usr/local/Cellar/lua/5.3.5_1; sourceTree = "<group>"; };
		3120B964234419D30013F4D8 /* 2.0.10 */ = {isa = PBXFileReference; lastKnownFileType = folder; name = 2.0.10; path = ../../../../usr/local/Cellar/sdl2/2.0.10; sourceTree = "<group>"; };
		3120B965234419D30013F4D8 /* 2.0.4 */ = {isa = PBXFileReference; lastKnownFileType = folder; name = 2.0.4; path = ../../../../usr/local/Cellar/sdl2_mixer/2.0.4; sourceTree = "<group>"; };
		3120B96B23441A800013F4D8 /* liblua.5.3.5.dylib */ = {isa = PBXFileReference; lastKnownFileType = "compiled.mach-o.dylib"; name = liblua.5.3.5.dylib; path = ../../../../usr/local/Cellar/lua/5.3.5_1/lib/liblua.5.3.5.dylib; sourceTree = "<group>"; };
		3120B96D23441A9F0013F4D8 /* libSDL2-2.0.0.dylib */ = {isa = PBXFileReference; lastKnownFileType = "compiled.mach-o.dylib"; name = "libSDL2-2.0.0.dylib"; path = "../../../../usr/local/Cellar/sdl2/2.0.10/lib/libSDL2-2.0.0.dylib"; sourceTree = "<group>"; };
		3120B96F23441AAE0013F4D8 /* libSDL2_image-2.0.0.dylib */ = {isa = PBXFileReference; lastKnownFileType = "compiled.mach-o.dylib"; name = "libSDL2_image-2.0.0.dylib"; path = "../../../../usr/local/Cellar/sdl2_image/2.0.5/lib/libSDL2_image-2.0.0.dylib"; sourceTree = "<group>"; };
		3120B97123441ABD0013F4D8 /* libSDL2_mixer-2.0.0.dylib */ = {isa = PBXFileReference; lastKnownFileType = "compiled.mach-o.dylib"; name = "libSDL2_mixer-2.0.0.dylib"; path = "../../../../usr/local/Cellar/sdl2_mixer/2.0.4/lib/libSDL2_mixer-2.0.0.dylib"; sourceTree = "<group>"; };
		3120B97323441AD00013F4D8 /* libSDL2_ttf-2.0.0.dylib */ = {isa = PBXFileReference; lastKnownFileType = "compiled.mach-o.dylib"; name = "libSDL2_ttf-2.0.0.dylib"; path = "../../../../usr/local/Cellar/sdl2_ttf/2.0.15/lib/libSDL2_ttf-2.0.0.dylib"; sourceTree = "<group>"; };
		3120B975234426BC0013F4D8 /* Entity.cpp */ = {isa = PBXFileReference; lastKnownFileType = sourcecode.cpp.cpp; path = Entity.cpp; sourceTree = "<group>"; };
		3120B976234426BC0013F4D8 /* Entity.h */ = {isa = PBXFileReference; lastKnownFileType = sourcecode.c.h; path = Entity.h; sourceTree = "<group>"; };
		3120B978234426ED0013F4D8 /* EntityManager.cpp */ = {isa = PBXFileReference; lastKnownFileType = sourcecode.cpp.cpp; path = EntityManager.cpp; sourceTree = "<group>"; };
		3120B979234426ED0013F4D8 /* EntityManager.h */ = {isa = PBXFileReference; lastKnownFileType = sourcecode.c.h; path = EntityManager.h; sourceTree = "<group>"; };
		3120B97C234428080013F4D8 /* Component.h */ = {isa = PBXFileReference; lastKnownFileType = sourcecode.c.h; path = Component.h; sourceTree = "<group>"; };
		3120B980234434E40013F4D8 /* TransformComponent.h */ = {isa = PBXFileReference; lastKnownFileType = sourcecode.c.h; path = TransformComponent.h; sourceTree = "<group>"; };
		3151DA582342DEC60017F17E /* game */ = {isa = PBXFileReference; explicitFileType = "compiled.mach-o.executable"; includeInIndex = 0; path = game; sourceTree = BUILT_PRODUCTS_DIR; };
		3151DA5B2342DEC60017F17E /* main.cpp */ = {isa = PBXFileReference; lastKnownFileType = sourcecode.cpp.cpp; path = main.cpp; sourceTree = "<group>"; };
		3151DA622342E0680017F17E /* Makefile */ = {isa = PBXFileReference; fileEncoding = 4; lastKnownFileType = sourcecode.make; path = Makefile; sourceTree = "<group>"; };
		3151DA642342E7D10017F17E /* Game.cpp */ = {isa = PBXFileReference; lastKnownFileType = sourcecode.cpp.cpp; path = Game.cpp; sourceTree = "<group>"; };
		3151DA652342E7D10017F17E /* Game.h */ = {isa = PBXFileReference; lastKnownFileType = sourcecode.c.h; path = Game.h; sourceTree = "<group>"; };
		3151DA672342E84B0017F17E /* Constants.h */ = {isa = PBXFileReference; lastKnownFileType = sourcecode.c.h; path = Constants.h; sourceTree = "<group>"; };
		31860A082345811C001A1CCA /* TextureManager.cpp */ = {isa = PBXFileReference; lastKnownFileType = sourcecode.cpp.cpp; path = TextureManager.cpp; sourceTree = "<group>"; };
		31860A092345811C001A1CCA /* TextureManager.h */ = {isa = PBXFileReference; lastKnownFileType = sourcecode.c.h; path = TextureManager.h; sourceTree = "<group>"; };
		31E8D8F623492D790076D89E /* SpriteComponent.h */ = {isa = PBXFileReference; fileEncoding = 4; lastKnownFileType = sourcecode.c.h; path = SpriteComponent.h; sourceTree = "<group>"; };
		31E8D8F723492E410076D89E /* Animation.cpp */ = {isa = PBXFileReference; fileEncoding = 4; lastKnownFileType = sourcecode.cpp.cpp; path = Animation.cpp; sourceTree = "<group>"; };
		31E8D8F823492E410076D89E /* Animation.h */ = {isa = PBXFileReference; fileEncoding = 4; lastKnownFileType = sourcecode.c.h; path = Animation.h; sourceTree = "<group>"; };
		31E8D8FA2349349D0076D89E /* KeyboardControlComponent.h */ = {isa = PBXFileReference; fileEncoding = 4; lastKnownFileType = sourcecode.c.h; path = KeyboardControlComponent.h; sourceTree = "<group>"; };
		31E8D8FB23495C640076D89E /* Map.h */ = {isa = PBXFileReference; fileEncoding = 4; lastKnownFileType = sourcecode.c.h; path = Map.h; sourceTree = "<group>"; };
		31E8D8FC23495C640076D89E /* Map.cpp */ = {isa = PBXFileReference; fileEncoding = 4; lastKnownFileType = sourcecode.cpp.cpp; path = Map.cpp; sourceTree = "<group>"; };
		31E8D8FE23495D150076D89E /* TileComponent.h */ = {isa = PBXFileReference; lastKnownFileType = sourcecode.c.h; path = TileComponent.h; sourceTree = "<group>"; };
		31FA91E12345880B003A7886 /* AssetManager.cpp */ = {isa = PBXFileReference; lastKnownFileType = sourcecode.cpp.cpp; path = AssetManager.cpp; sourceTree = "<group>"; };
		31FA91E22345880B003A7886 /* AssetManager.h */ = {isa = PBXFileReference; lastKnownFileType = sourcecode.c.h; path = AssetManager.h; sourceTree = "<group>"; };
		31FA91E52345A098003A7886 /* assets */ = {isa = PBXFileReference; lastKnownFileType = folder; path = assets; sourceTree = "<group>"; };
/* End PBXFileReference section */

/* Begin PBXFrameworksBuildPhase section */
		3151DA552342DEC60017F17E /* Frameworks */ = {
			isa = PBXFrameworksBuildPhase;
			buildActionMask = 2147483647;
			files = (
				3120B97423441AD00013F4D8 /* libSDL2_ttf-2.0.0.dylib in Frameworks */,
				3120B97223441ABD0013F4D8 /* libSDL2_mixer-2.0.0.dylib in Frameworks */,
				3120B97023441AAE0013F4D8 /* libSDL2_image-2.0.0.dylib in Frameworks */,
				3120B96E23441A9F0013F4D8 /* libSDL2-2.0.0.dylib in Frameworks */,
				3120B96C23441A800013F4D8 /* liblua.5.3.5.dylib in Frameworks */,
			);
			runOnlyForDeploymentPostprocessing = 0;
		};
/* End PBXFrameworksBuildPhase section */

/* Begin PBXGroup section */
		3120B960234419D20013F4D8 /* Frameworks */ = {
			isa = PBXGroup;
			children = (
				3120B97323441AD00013F4D8 /* libSDL2_ttf-2.0.0.dylib */,
				3120B97123441ABD0013F4D8 /* libSDL2_mixer-2.0.0.dylib */,
				3120B96F23441AAE0013F4D8 /* libSDL2_image-2.0.0.dylib */,
				3120B96D23441A9F0013F4D8 /* libSDL2-2.0.0.dylib */,
				3120B96B23441A800013F4D8 /* liblua.5.3.5.dylib */,
				3120B965234419D30013F4D8 /* 2.0.4 */,
				3120B961234419D30013F4D8 /* 2.0.5 */,
				3120B964234419D30013F4D8 /* 2.0.10 */,
				3120B962234419D30013F4D8 /* 2.0.15 */,
				3120B963234419D30013F4D8 /* 5.3.5_1 */,
			);
			name = Frameworks;
			sourceTree = "<group>";
		};
		3120B97E234434CB0013F4D8 /* Components */ = {
			isa = PBXGroup;
			children = (
				31E8D8FA2349349D0076D89E /* KeyboardControlComponent.h */,
				31E8D8F623492D790076D89E /* SpriteComponent.h */,
				3120B980234434E40013F4D8 /* TransformComponent.h */,
				31E8D8FE23495D150076D89E /* TileComponent.h */,
			);
			path = Components;
			sourceTree = "<group>";
		};
		3151DA4F2342DEC60017F17E = {
			isa = PBXGroup;
			children = (
				31FA91E52345A098003A7886 /* assets */,
				3151DA622342E0680017F17E /* Makefile */,
				3151DA5A2342DEC60017F17E /* src */,
				3151DA592342DEC60017F17E /* Products */,
				3120B960234419D20013F4D8 /* Frameworks */,
			);
			sourceTree = "<group>";
		};
		3151DA592342DEC60017F17E /* Products */ = {
			isa = PBXGroup;
			children = (
				3151DA582342DEC60017F17E /* game */,
			);
			name = Products;
			sourceTree = "<group>";
		};
		3151DA5A2342DEC60017F17E /* src */ = {
			isa = PBXGroup;
			children = (
				31E8D8FC23495C640076D89E /* Map.cpp */,
				31E8D8FB23495C640076D89E /* Map.h */,
				31E8D8F723492E410076D89E /* Animation.cpp */,
				31E8D8F823492E410076D89E /* Animation.h */,
				3120B97E234434CB0013F4D8 /* Components */,
				3151DA5B2342DEC60017F17E /* main.cpp */,
				3151DA642342E7D10017F17E /* Game.cpp */,
				3151DA652342E7D10017F17E /* Game.h */,
				3151DA672342E84B0017F17E /* Constants.h */,
				3120B975234426BC0013F4D8 /* Entity.cpp */,
				3120B976234426BC0013F4D8 /* Entity.h */,
				3120B97C234428080013F4D8 /* Component.h */,
				3120B978234426ED0013F4D8 /* EntityManager.cpp */,
				3120B979234426ED0013F4D8 /* EntityManager.h */,
				31860A082345811C001A1CCA /* TextureManager.cpp */,
				31860A092345811C001A1CCA /* TextureManager.h */,
				31FA91E12345880B003A7886 /* AssetManager.cpp */,
				31FA91E22345880B003A7886 /* AssetManager.h */,
			);
			path = src;
			sourceTree = "<group>";
		};
/* End PBXGroup section */

/* Begin PBXNativeTarget section */
		3151DA572342DEC60017F17E /* game */ = {
			isa = PBXNativeTarget;
			buildConfigurationList = 3151DA5F2342DEC60017F17E /* Build configuration list for PBXNativeTarget "game" */;
			buildPhases = (
				3151DA542342DEC60017F17E /* Sources */,
				3151DA552342DEC60017F17E /* Frameworks */,
				3151DA562342DEC60017F17E /* CopyFiles */,
			);
			buildRules = (
			);
			dependencies = (
			);
			name = game;
			productName = 2dgameengine;
			productReference = 3151DA582342DEC60017F17E /* game */;
			productType = "com.apple.product-type.tool";
		};
/* End PBXNativeTarget section */

/* Begin PBXProject section */
		3151DA502342DEC60017F17E /* Project object */ = {
			isa = PBXProject;
			attributes = {
				LastUpgradeCheck = 1030;
				ORGANIZATIONNAME = "Adriano Sabo";
				TargetAttributes = {
					3151DA572342DEC60017F17E = {
						CreatedOnToolsVersion = 10.3;
					};
				};
			};
			buildConfigurationList = 3151DA532342DEC60017F17E /* Build configuration list for PBXProject "game" */;
			compatibilityVersion = "Xcode 9.3";
			developmentRegion = en;
			hasScannedForEncodings = 0;
			knownRegions = (
				en,
			);
			mainGroup = 3151DA4F2342DEC60017F17E;
			productRefGroup = 3151DA592342DEC60017F17E /* Products */;
			projectDirPath = "";
			projectRoot = "";
			targets = (
				3151DA572342DEC60017F17E /* game */,
			);
		};
/* End PBXProject section */

/* Begin PBXSourcesBuildPhase section */
		3151DA542342DEC60017F17E /* Sources */ = {
			isa = PBXSourcesBuildPhase;
			buildActionMask = 2147483647;
			files = (
				31FA91E32345880B003A7886 /* AssetManager.cpp in Sources */,
				3120B977234426BC0013F4D8 /* Entity.cpp in Sources */,
				3151DA662342E7D10017F17E /* Game.cpp in Sources */,
				31E8D8FD23495C640076D89E /* Map.cpp in Sources */,
				3151DA632342E0680017F17E /* Makefile in Sources */,
				3120B97A234426ED0013F4D8 /* EntityManager.cpp in Sources */,
				3151DA5C2342DEC60017F17E /* main.cpp in Sources */,
				31E8D8F923492E410076D89E /* Animation.cpp in Sources */,
				31860A0A2345811C001A1CCA /* TextureManager.cpp in Sources */,
			);
			runOnlyForDeploymentPostprocessing = 0;
		};
/* End PBXSourcesBuildPhase section */

/* Begin XCBuildConfiguration section */
		3151DA5D2342DEC60017F17E /* Debug */ = {
			isa = XCBuildConfiguration;
			buildSettings = {
				ALWAYS_SEARCH_USER_PATHS = NO;
				CLANG_ANALYZER_NONNULL = YES;
				CLANG_ANALYZER_NUMBER_OBJECT_CONVERSION = YES_AGGRESSIVE;
				CLANG_CXX_LANGUAGE_STANDARD = "gnu++14";
				CLANG_CXX_LIBRARY = "libc++";
				CLANG_ENABLE_MODULES = YES;
				CLANG_ENABLE_OBJC_ARC = YES;
				CLANG_ENABLE_OBJC_WEAK = YES;
				CLANG_WARN_BLOCK_CAPTURE_AUTORELEASING = YES;
				CLANG_WARN_BOOL_CONVERSION = YES;
				CLANG_WARN_COMMA = YES;
				CLANG_WARN_CONSTANT_CONVERSION = YES;
				CLANG_WARN_DEPRECATED_OBJC_IMPLEMENTATIONS = YES;
				CLANG_WARN_DIRECT_OBJC_ISA_USAGE = YES_ERROR;
				CLANG_WARN_DOCUMENTATION_COMMENTS = YES;
				CLANG_WARN_EMPTY_BODY = YES;
				CLANG_WARN_ENUM_CONVERSION = YES;
				CLANG_WARN_INFINITE_RECURSION = YES;
				CLANG_WARN_INT_CONVERSION = YES;
				CLANG_WARN_NON_LITERAL_NULL_CONVERSION = YES;
				CLANG_WARN_OBJC_IMPLICIT_RETAIN_SELF = YES;
				CLANG_WARN_OBJC_LITERAL_CONVERSION = YES;
				CLANG_WARN_OBJC_ROOT_CLASS = YES_ERROR;
				CLANG_WARN_RANGE_LOOP_ANALYSIS = YES;
				CLANG_WARN_STRICT_PROTOTYPES = YES;
				CLANG_WARN_SUSPICIOUS_MOVE = YES;
				CLANG_WARN_UNGUARDED_AVAILABILITY = YES_AGGRESSIVE;
				CLANG_WARN_UNREACHABLE_CODE = YES;
				CLANG_WARN__DUPLICATE_METHOD_MATCH = YES;
				CODE_SIGN_IDENTITY = "-";
				COPY_PHASE_STRIP = NO;
				DEBUG_INFORMATION_FORMAT = dwarf;
				ENABLE_STRICT_OBJC_MSGSEND = YES;
				ENABLE_TESTABILITY = YES;
				GCC_C_LANGUAGE_STANDARD = gnu11;
				GCC_DYNAMIC_NO_PIC = NO;
				GCC_NO_COMMON_BLOCKS = YES;
				GCC_OPTIMIZATION_LEVEL = 0;
				GCC_PREPROCESSOR_DEFINITIONS = (
					"DEBUG=1",
					"$(inherited)",
				);
				GCC_WARN_64_TO_32_BIT_CONVERSION = YES;
				GCC_WARN_ABOUT_RETURN_TYPE = YES_ERROR;
				GCC_WARN_UNDECLARED_SELECTOR = YES;
				GCC_WARN_UNINITIALIZED_AUTOS = YES_AGGRESSIVE;
				GCC_WARN_UNUSED_FUNCTION = YES;
				GCC_WARN_UNUSED_VARIABLE = YES;
				MACOSX_DEPLOYMENT_TARGET = 10.14;
				MTL_ENABLE_DEBUG_INFO = INCLUDE_SOURCE;
				MTL_FAST_MATH = YES;
				ONLY_ACTIVE_ARCH = YES;
				SDKROOT = macosx;
			};
			name = Debug;
		};
		3151DA5E2342DEC60017F17E /* Release */ = {
			isa = XCBuildConfiguration;
			buildSettings = {
				ALWAYS_SEARCH_USER_PATHS = NO;
				CLANG_ANALYZER_NONNULL = YES;
				CLANG_ANALYZER_NUMBER_OBJECT_CONVERSION = YES_AGGRESSIVE;
				CLANG_CXX_LANGUAGE_STANDARD = "gnu++14";
				CLANG_CXX_LIBRARY = "libc++";
				CLANG_ENABLE_MODULES = YES;
				CLANG_ENABLE_OBJC_ARC = YES;
				CLANG_ENABLE_OBJC_WEAK = YES;
				CLANG_WARN_BLOCK_CAPTURE_AUTORELEASING = YES;
				CLANG_WARN_BOOL_CONVERSION = YES;
				CLANG_WARN_COMMA = YES;
				CLANG_WARN_CONSTANT_CONVERSION = YES;
				CLANG_WARN_DEPRECATED_OBJC_IMPLEMENTATIONS = YES;
				CLANG_WARN_DIRECT_OBJC_ISA_USAGE = YES_ERROR;
				CLANG_WARN_DOCUMENTATION_COMMENTS = YES;
				CLANG_WARN_EMPTY_BODY = YES;
				CLANG_WARN_ENUM_CONVERSION = YES;
				CLANG_WARN_INFINITE_RECURSION = YES;
				CLANG_WARN_INT_CONVERSION = YES;
				CLANG_WARN_NON_LITERAL_NULL_CONVERSION = YES;
				CLANG_WARN_OBJC_IMPLICIT_RETAIN_SELF = YES;
				CLANG_WARN_OBJC_LITERAL_CONVERSION = YES;
				CLANG_WARN_OBJC_ROOT_CLASS = YES_ERROR;
				CLANG_WARN_RANGE_LOOP_ANALYSIS = YES;
				CLANG_WARN_STRICT_PROTOTYPES = YES;
				CLANG_WARN_SUSPICIOUS_MOVE = YES;
				CLANG_WARN_UNGUARDED_AVAILABILITY = YES_AGGRESSIVE;
				CLANG_WARN_UNREACHABLE_CODE = YES;
				CLANG_WARN__DUPLICATE_METHOD_MATCH = YES;
				CODE_SIGN_IDENTITY = "-";
				COPY_PHASE_STRIP = NO;
				DEBUG_INFORMATION_FORMAT = "dwarf-with-dsym";
				ENABLE_NS_ASSERTIONS = NO;
				ENABLE_STRICT_OBJC_MSGSEND = YES;
				GCC_C_LANGUAGE_STANDARD = gnu11;
				GCC_NO_COMMON_BLOCKS = YES;
				GCC_WARN_64_TO_32_BIT_CONVERSION = YES;
				GCC_WARN_ABOUT_RETURN_TYPE = YES_ERROR;
				GCC_WARN_UNDECLARED_SELECTOR = YES;
				GCC_WARN_UNINITIALIZED_AUTOS = YES_AGGRESSIVE;
				GCC_WARN_UNUSED_FUNCTION = YES;
				GCC_WARN_UNUSED_VARIABLE = YES;
				MACOSX_DEPLOYMENT_TARGET = 10.14;
				MTL_ENABLE_DEBUG_INFO = NO;
				MTL_FAST_MATH = YES;
				SDKROOT = macosx;
			};
			name = Release;
		};
		3151DA602342DEC60017F17E /* Debug */ = {
			isa = XCBuildConfiguration;
			buildSettings = {
				CODE_SIGN_STYLE = Automatic;
				HEADER_SEARCH_PATHS = (
					"/usr/local/opt/sdl2_image/include/**",
					"/usr/local/opt/sdl2/include/**",
					"/usr/local/opt/sdl2_ttf/include/**",
				);
				LIBRARY_SEARCH_PATHS = (
					"/usr/local/opt/sdl2/lib/**",
					"/usr/local/opt/sdl2_ttf/lib/**",
					"/usr/local/opt/sdl2_image/lib/**",
					/usr/local/Cellar/lua/5.3.5_1/lib,
					/usr/local/Cellar/sdl2/2.0.10/lib,
					/usr/local/Cellar/sdl2_image/2.0.5/lib,
					/usr/local/Cellar/sdl2_mixer/2.0.4/lib,
					/usr/local/Cellar/sdl2_ttf/2.0.15/lib,
				);
				PRODUCT_NAME = "$(TARGET_NAME)";
			};
			name = Debug;
		};
		3151DA612342DEC60017F17E /* Release */ = {
			isa = XCBuildConfiguration;
			buildSettings = {
				CODE_SIGN_STYLE = Automatic;
				HEADER_SEARCH_PATHS = (
					"/usr/local/opt/sdl2_image/include/**",
					"/usr/local/opt/sdl2/include/**",
					"/usr/local/opt/sdl2_ttf/include/**",
				);
				LIBRARY_SEARCH_PATHS = (
					"/usr/local/opt/sdl2/lib/**",
					"/usr/local/opt/sdl2_ttf/lib/**",
					"/usr/local/opt/sdl2_image/lib/**",
					/usr/local/Cellar/lua/5.3.5_1/lib,
					/usr/local/Cellar/sdl2/2.0.10/lib,
					/usr/local/Cellar/sdl2_image/2.0.5/lib,
					/usr/local/Cellar/sdl2_mixer/2.0.4/lib,
					/usr/local/Cellar/sdl2_ttf/2.0.15/lib,
				);
				PRODUCT_NAME = "$(TARGET_NAME)";
			};
			name = Release;
		};
/* End XCBuildConfiguration section */

/* Begin XCConfigurationList section */
		3151DA532342DEC60017F17E /* Build configuration list for PBXProject "game" */ = {
			isa = XCConfigurationList;
			buildConfigurations = (
				3151DA5D2342DEC60017F17E /* Debug */,
				3151DA5E2342DEC60017F17E /* Release */,
			);
			defaultConfigurationIsVisible = 0;
			defaultConfigurationName = Release;
		};
		3151DA5F2342DEC60017F17E /* Build configuration list for PBXNativeTarget "game" */ = {
			isa = XCConfigurationList;
			buildConfigurations = (
				3151DA602342DEC60017F17E /* Debug */,
				3151DA612342DEC60017F17E /* Release */,
			);
			defaultConfigurationIsVisible = 0;
			defaultConfigurationName = Release;
		};
/* End XCConfigurationList section */
	};
	rootObject = 3151DA502342DEC60017F17E /* Project object */;
}
